
Microsoft Visual Studio Solution File, Format Version 12.00
# Visual Studio Version 17
VisualStudioVersion = 17.11.35327.3
MinimumVisualStudioVersion = 10.0.40219.1
Project("{9A19103F-16F7-4668-BE54-9A1E7A4F7556}") = "ApiCrud", "ApiCrud.csproj", "{DAB2B0E3-8A09-40DF-A8E0-2A4BA2842756}"
EndProject
Global
	GlobalSection(SolutionConfigurationPlatforms) = preSolution
		Debug|Any CPU = Debug|Any CPU
		Release|Any CPU = Release|Any CPU
	EndGlobalSection
	GlobalSection(ProjectConfigurationPlatforms) = postSolution
		{DAB2B0E3-8A09-40DF-A8E0-2A4BA2842756}.Debug|Any CPU.ActiveCfg = Debug|Any CPU
		{DAB2B0E3-8A09-40DF-A8E0-2A4BA2842756}.Debug|Any CPU.Build.0 = Debug|Any CPU
		{DAB2B0E3-8A09-40DF-A8E0-2A4BA2842756}.Release|Any CPU.ActiveCfg = Release|Any CPU
		{DAB2B0E3-8A09-40DF-A8E0-2A4BA2842756}.Release|Any CPU.Build.0 = Release|Any CPU
	EndGlobalSection
	GlobalSection(SolutionProperties) = preSolution
		HideSolutionNode = FALSE
	EndGlobalSection
	GlobalSection(ExtensibilityGlobals) = postSolution
		SolutionGuid = {DCDDEE52-FA5E-438A-BFC8-2EDF0E4E502E}
	EndGlobalSection
EndGlobal
